
Microsoft Visual Studio Solution File, Format Version 12.00
# Visual Studio Version 16
VisualStudioVersion = 16.0.31624.102
MinimumVisualStudioVersion = 10.0.40219.1
Project("{8BC9CEB8-8B4A-11D0-8D11-00A0C91BC942}") = "lab 1.1", "lab 1.1.vcxproj", "{3E10F9FA-1723-40A0-BBC6-E609F01C8087}"
EndProject
Project("{8BC9CEB8-8B4A-11D0-8D11-00A0C91BC942}") = "UnitTest1", "..\UnitTest1\UnitTest1.vcxproj", "{F7F7D905-99DF-4203-B370-56DA2343B9E8}"
EndProject
Global
	GlobalSection(SolutionConfigurationPlatforms) = preSolution
		Debug|x64 = Debug|x64
		Debug|x86 = Debug|x86
		Release|x64 = Release|x64
		Release|x86 = Release|x86
	EndGlobalSection
	GlobalSection(ProjectConfigurationPlatforms) = postSolution
		{3E10F9FA-1723-40A0-BBC6-E609F01C8087}.Debug|x64.ActiveCfg = Debug|x64
		{3E10F9FA-1723-40A0-BBC6-E609F01C8087}.Debug|x64.Build.0 = Debug|x64
		{3E10F9FA-1723-40A0-BBC6-E609F01C8087}.Debug|x86.ActiveCfg = Debug|Win32
		{3E10F9FA-1723-40A0-BBC6-E609F01C8087}.Debug|x86.Build.0 = Debug|Win32
		{3E10F9FA-1723-40A0-BBC6-E609F01C8087}.Release|x64.ActiveCfg = Release|x64
		{3E10F9FA-1723-40A0-BBC6-E609F01C8087}.Release|x64.Build.0 = Release|x64
		{3E10F9FA-1723-40A0-BBC6-E609F01C8087}.Release|x86.ActiveCfg = Release|Win32
		{3E10F9FA-1723-40A0-BBC6-E609F01C8087}.Release|x86.Build.0 = Release|Win32
		{F7F7D905-99DF-4203-B370-56DA2343B9E8}.Debug|x64.ActiveCfg = Debug|x64
		{F7F7D905-99DF-4203-B370-56DA2343B9E8}.Debug|x64.Build.0 = Debug|x64
		{F7F7D905-99DF-4203-B370-56DA2343B9E8}.Debug|x86.ActiveCfg = Debug|Win32
		{F7F7D905-99DF-4203-B370-56DA2343B9E8}.Debug|x86.Build.0 = Debug|Win32
		{F7F7D905-99DF-4203-B370-56DA2343B9E8}.Release|x64.ActiveCfg = Release|x64
		{F7F7D905-99DF-4203-B370-56DA2343B9E8}.Release|x64.Build.0 = Release|x64
		{F7F7D905-99DF-4203-B370-56DA2343B9E8}.Release|x86.ActiveCfg = Release|Win32
		{F7F7D905-99DF-4203-B370-56DA2343B9E8}.Release|x86.Build.0 = Release|Win32
	EndGlobalSection
	GlobalSection(SolutionProperties) = preSolution
		HideSolutionNode = FALSE
	EndGlobalSection
	GlobalSection(ExtensibilityGlobals) = postSolution
		SolutionGuid = {F2877BD0-A7D0-4CE8-9DDE-517EE4416A03}
	EndGlobalSection
EndGlobal
